
Microsoft Visual Studio Solution File, Format Version 12.00
# Visual Studio Version 17
VisualStudioVersion = 17.6.33829.357
MinimumVisualStudioVersion = 10.0.40219.1
Project("{9A19103F-16F7-4668-BE54-9A1E7A4F7556}") = "NTDLS.MemoryQueue", "NTDLS.MemoryQueue\NTDLS.MemoryQueue.csproj", "{3E92FB80-4E7E-45DE-B7D3-1354108826ED}"
EndProject
Project("{9A19103F-16F7-4668-BE54-9A1E7A4F7556}") = "TestHarness", "TestHarness\TestHarness.csproj", "{4D79C770-5EF1-4238-BB47-781439E2E366}"
EndProject
Project("{2150E333-8FDC-42A3-9474-1A3956D46DE8}") = "TestApps", "TestApps", "{973384A3-FB4F-4656-94C2-6B1080B861C2}"
EndProject
Project("{2150E333-8FDC-42A3-9474-1A3956D46DE8}") = "Peers", "Peers", "{34ED6A68-A384-4B49-8992-92EAAE811716}"
EndProject
Project("{FAE04EC0-301F-11D3-BF4B-00C04F79EFBC}") = "QueueServer", "QueueServer\QueueServer.csproj", "{077D8997-2C59-4A1A-B409-5E23A9FF2E02}"
EndProject
Project("{FAE04EC0-301F-11D3-BF4B-00C04F79EFBC}") = "QueueClient", "QueueClient\QueueClient.csproj", "{84F0139C-DEAE-4878-A0D5-337B92AAC008}"
EndProject
Project("{FAE04EC0-301F-11D3-BF4B-00C04F79EFBC}") = "NTDLS.MemoryQueueServer", "NTDLS.MemoryQueueServer\NTDLS.MemoryQueueServer.csproj", "{E932D517-4CF3-495A-A012-363631563F67}"
EndProject
Global
	GlobalSection(SolutionConfigurationPlatforms) = preSolution
		Debug|Any CPU = Debug|Any CPU
		Debug|x64 = Debug|x64
		Debug|x86 = Debug|x86
		Release|Any CPU = Release|Any CPU
		Release|x64 = Release|x64
		Release|x86 = Release|x86
	EndGlobalSection
	GlobalSection(ProjectConfigurationPlatforms) = postSolution
		{3E92FB80-4E7E-45DE-B7D3-1354108826ED}.Debug|Any CPU.ActiveCfg = Debug|Any CPU
		{3E92FB80-4E7E-45DE-B7D3-1354108826ED}.Debug|Any CPU.Build.0 = Debug|Any CPU
		{3E92FB80-4E7E-45DE-B7D3-1354108826ED}.Debug|x64.ActiveCfg = Debug|Any CPU
		{3E92FB80-4E7E-45DE-B7D3-1354108826ED}.Debug|x64.Build.0 = Debug|Any CPU
		{3E92FB80-4E7E-45DE-B7D3-1354108826ED}.Debug|x86.ActiveCfg = Debug|Any CPU
		{3E92FB80-4E7E-45DE-B7D3-1354108826ED}.Debug|x86.Build.0 = Debug|Any CPU
		{3E92FB80-4E7E-45DE-B7D3-1354108826ED}.Release|Any CPU.ActiveCfg = Release|Any CPU
		{3E92FB80-4E7E-45DE-B7D3-1354108826ED}.Release|Any CPU.Build.0 = Release|Any CPU
		{3E92FB80-4E7E-45DE-B7D3-1354108826ED}.Release|x64.ActiveCfg = Release|Any CPU
		{3E92FB80-4E7E-45DE-B7D3-1354108826ED}.Release|x64.Build.0 = Release|Any CPU
		{3E92FB80-4E7E-45DE-B7D3-1354108826ED}.Release|x86.ActiveCfg = Release|Any CPU
		{3E92FB80-4E7E-45DE-B7D3-1354108826ED}.Release|x86.Build.0 = Release|Any CPU
		{4D79C770-5EF1-4238-BB47-781439E2E366}.Debug|Any CPU.ActiveCfg = Debug|Any CPU
		{4D79C770-5EF1-4238-BB47-781439E2E366}.Debug|Any CPU.Build.0 = Debug|Any CPU
		{4D79C770-5EF1-4238-BB47-781439E2E366}.Debug|x64.ActiveCfg = Debug|Any CPU
		{4D79C770-5EF1-4238-BB47-781439E2E366}.Debug|x64.Build.0 = Debug|Any CPU
		{4D79C770-5EF1-4238-BB47-781439E2E366}.Debug|x86.ActiveCfg = Debug|Any CPU
		{4D79C770-5EF1-4238-BB47-781439E2E366}.Debug|x86.Build.0 = Debug|Any CPU
		{4D79C770-5EF1-4238-BB47-781439E2E366}.Release|Any CPU.ActiveCfg = Release|Any CPU
		{4D79C770-5EF1-4238-BB47-781439E2E366}.Release|Any CPU.Build.0 = Release|Any CPU
		{4D79C770-5EF1-4238-BB47-781439E2E366}.Release|x64.ActiveCfg = Release|Any CPU
		{4D79C770-5EF1-4238-BB47-781439E2E366}.Release|x64.Build.0 = Release|Any CPU
		{4D79C770-5EF1-4238-BB47-781439E2E366}.Release|x86.ActiveCfg = Release|Any CPU
		{4D79C770-5EF1-4238-BB47-781439E2E366}.Release|x86.Build.0 = Release|Any CPU
		{077D8997-2C59-4A1A-B409-5E23A9FF2E02}.Debug|Any CPU.ActiveCfg = Debug|Any CPU
		{077D8997-2C59-4A1A-B409-5E23A9FF2E02}.Debug|Any CPU.Build.0 = Debug|Any CPU
		{077D8997-2C59-4A1A-B409-5E23A9FF2E02}.Debug|x64.ActiveCfg = Debug|Any CPU
		{077D8997-2C59-4A1A-B409-5E23A9FF2E02}.Debug|x64.Build.0 = Debug|Any CPU
		{077D8997-2C59-4A1A-B409-5E23A9FF2E02}.Debug|x86.ActiveCfg = Debug|Any CPU
		{077D8997-2C59-4A1A-B409-5E23A9FF2E02}.Debug|x86.Build.0 = Debug|Any CPU
		{077D8997-2C59-4A1A-B409-5E23A9FF2E02}.Release|Any CPU.ActiveCfg = Release|Any CPU
		{077D8997-2C59-4A1A-B409-5E23A9FF2E02}.Release|Any CPU.Build.0 = Release|Any CPU
		{077D8997-2C59-4A1A-B409-5E23A9FF2E02}.Release|x64.ActiveCfg = Release|Any CPU
		{077D8997-2C59-4A1A-B409-5E23A9FF2E02}.Release|x64.Build.0 = Release|Any CPU
		{077D8997-2C59-4A1A-B409-5E23A9FF2E02}.Release|x86.ActiveCfg = Release|Any CPU
		{077D8997-2C59-4A1A-B409-5E23A9FF2E02}.Release|x86.Build.0 = Release|Any CPU
		{84F0139C-DEAE-4878-A0D5-337B92AAC008}.Debug|Any CPU.ActiveCfg = Debug|Any CPU
		{84F0139C-DEAE-4878-A0D5-337B92AAC008}.Debug|Any CPU.Build.0 = Debug|Any CPU
		{84F0139C-DEAE-4878-A0D5-337B92AAC008}.Debug|x64.ActiveCfg = Debug|Any CPU
		{84F0139C-DEAE-4878-A0D5-337B92AAC008}.Debug|x64.Build.0 = Debug|Any CPU
		{84F0139C-DEAE-4878-A0D5-337B92AAC008}.Debug|x86.ActiveCfg = Debug|Any CPU
		{84F0139C-DEAE-4878-A0D5-337B92AAC008}.Debug|x86.Build.0 = Debug|Any CPU
		{84F0139C-DEAE-4878-A0D5-337B92AAC008}.Release|Any CPU.ActiveCfg = Release|Any CPU
		{84F0139C-DEAE-4878-A0D5-337B92AAC008}.Release|Any CPU.Build.0 = Release|Any CPU
		{84F0139C-DEAE-4878-A0D5-337B92AAC008}.Release|x64.ActiveCfg = Release|Any CPU
		{84F0139C-DEAE-4878-A0D5-337B92AAC008}.Release|x64.Build.0 = Release|Any CPU
		{84F0139C-DEAE-4878-A0D5-337B92AAC008}.Release|x86.ActiveCfg = Release|Any CPU
		{84F0139C-DEAE-4878-A0D5-337B92AAC008}.Release|x86.Build.0 = Release|Any CPU
		{E932D517-4CF3-495A-A012-363631563F67}.Debug|Any CPU.ActiveCfg = Debug|Any CPU
		{E932D517-4CF3-495A-A012-363631563F67}.Debug|Any CPU.Build.0 = Debug|Any CPU
		{E932D517-4CF3-495A-A012-363631563F67}.Debug|x64.ActiveCfg = Debug|Any CPU
		{E932D517-4CF3-495A-A012-363631563F67}.Debug|x64.Build.0 = Debug|Any CPU
		{E932D517-4CF3-495A-A012-363631563F67}.Debug|x86.ActiveCfg = Debug|Any CPU
		{E932D517-4CF3-495A-A012-363631563F67}.Debug|x86.Build.0 = Debug|Any CPU
		{E932D517-4CF3-495A-A012-363631563F67}.Release|Any CPU.ActiveCfg = Release|Any CPU
		{E932D517-4CF3-495A-A012-363631563F67}.Release|Any CPU.Build.0 = Release|Any CPU
		{E932D517-4CF3-495A-A012-363631563F67}.Release|x64.ActiveCfg = Release|Any CPU
		{E932D517-4CF3-495A-A012-363631563F67}.Release|x64.Build.0 = Release|Any CPU
		{E932D517-4CF3-495A-A012-363631563F67}.Release|x86.ActiveCfg = Release|Any CPU
		{E932D517-4CF3-495A-A012-363631563F67}.Release|x86.Build.0 = Release|Any CPU
	EndGlobalSection
	GlobalSection(SolutionProperties) = preSolution
		HideSolutionNode = FALSE
	EndGlobalSection
	GlobalSection(NestedProjects) = preSolution
		{4D79C770-5EF1-4238-BB47-781439E2E366} = {973384A3-FB4F-4656-94C2-6B1080B861C2}
		{34ED6A68-A384-4B49-8992-92EAAE811716} = {973384A3-FB4F-4656-94C2-6B1080B861C2}
		{077D8997-2C59-4A1A-B409-5E23A9FF2E02} = {34ED6A68-A384-4B49-8992-92EAAE811716}
		{84F0139C-DEAE-4878-A0D5-337B92AAC008} = {34ED6A68-A384-4B49-8992-92EAAE811716}
	EndGlobalSection
	GlobalSection(ExtensibilityGlobals) = postSolution
		SolutionGuid = {0A97F31B-3DD3-4185-9954-84DF465CCF84}
	EndGlobalSection
EndGlobal
